{
    "_readme": [
        "This file locks the dependencies of your project to a known state",
        "Read more about it at https://getcomposer.org/doc/01-basic-usage.md#installing-dependencies",
        "This file is @generated automatically"
    ],
    "content-hash": "1140d53bcc914f9bd8efc988ef6c3fb2",
    "packages": [
        {
            "name": "php-code-maker",
            "version": "dev-master",
            "source": {
                "type": "git",
                "url": "https://github.com/vladis84/php-code-maker.git",
                "reference": "0b23cd989b76499bc0cb96ab8b69ca23b8bc1982"
            },
            "dist": {
                "type": "zip",
                "url": "https://api.github.com/repos/vladis84/php-code-maker/zipball/0b23cd989b76499bc0cb96ab8b69ca23b8bc1982",
                "reference": "0b23cd989b76499bc0cb96ab8b69ca23b8bc1982",
                "shasum": ""
            },
            "require": {
                "php": ">=7.1"
            },
            "require-dev": {
                "phpunit/phpunit": "5.*"
            },
            "type": "library",
            "autoload": {
                "psr-4": {
                    "PhpCodeMaker\\": "src/"
                }
            },
            "autoload-dev": {
                "psr-4": {
                    "PhpCodeMakerTest\\": "tests/"
                }
            },
            "authors": [
                {
                    "name": "vladis",
                    "email": "gordienkovladis@gmail.com"
                }
            ],
            "support": {
                "source": "https://github.com/vladis84/php-code-maker/tree/master",
                "issues": "https://github.com/vladis84/php-code-maker/issues"
            },
            "time": "2018-07-14T14:37:26+00:00"
        }
    ],
    "packages-dev": [],
    "aliases": [],
    "minimum-stability": "dev",
    "stability-flags": {
        "php-code-maker": 20
    },
    "prefer-stable": false,
    "prefer-lowest": false,
    "platform": {
        "php": ">=7.0",
        "ext-yaml": ">=2.0.2"
    },
    "platform-dev": []
}
